
Microsoft Visual Studio Solution File, Format Version 12.00
# Visual Studio Version 16
VisualStudioVersion = 16.0.31313.79
MinimumVisualStudioVersion = 10.0.40219.1
Project("{FAE04EC0-301F-11D3-BF4B-00C04F79EFBC}") = "Agenda.Site", "Agenda.Site\Agenda.Site.csproj", "{7FCCE8A1-94E5-4AF6-BBB0-EBC41AC4CEFA}"
EndProject
Project("{FAE04EC0-301F-11D3-BF4B-00C04F79EFBC}") = "Agenda.BLL", "Agenda.BLL\Agenda.BLL.csproj", "{83A0B009-E47D-4C08-ABFF-0BFABDF05B60}"
EndProject
Project("{FAE04EC0-301F-11D3-BF4B-00C04F79EFBC}") = "Utils", "Utils\Utils.csproj", "{A3F0834C-626B-4847-B960-AA6807AB4CA9}"
EndProject
Project("{2150E333-8FDC-42A3-9474-1A3956D46DE8}") = "Solution Items", "Solution Items", "{19149CB7-FC7A-483D-9A2C-19213E274467}"
	ProjectSection(SolutionItems) = preProject
		.editorconfig = .editorconfig
	EndProjectSection
EndProject
Project("{FAE04EC0-301F-11D3-BF4B-00C04F79EFBC}") = "Agenda", "AgendaEdsa\Agenda.csproj", "{15933E7E-9EF2-46EC-8D76-C662C9E62F1D}"
EndProject
Project("{FAE04EC0-301F-11D3-BF4B-00C04F79EFBC}") = "Agenda.Entity", "Agenda.Entity\Agenda.Entity.csproj", "{4233E3A6-DE98-4E75-B700-F5C24422C524}"
EndProject
Global
	GlobalSection(SolutionConfigurationPlatforms) = preSolution
		Debug|Any CPU = Debug|Any CPU
		Release|Any CPU = Release|Any CPU
	EndGlobalSection
	GlobalSection(ProjectConfigurationPlatforms) = postSolution
		{7FCCE8A1-94E5-4AF6-BBB0-EBC41AC4CEFA}.Debug|Any CPU.ActiveCfg = Debug|Any CPU
		{7FCCE8A1-94E5-4AF6-BBB0-EBC41AC4CEFA}.Debug|Any CPU.Build.0 = Debug|Any CPU
		{7FCCE8A1-94E5-4AF6-BBB0-EBC41AC4CEFA}.Release|Any CPU.ActiveCfg = Release|Any CPU
		{7FCCE8A1-94E5-4AF6-BBB0-EBC41AC4CEFA}.Release|Any CPU.Build.0 = Release|Any CPU
		{83A0B009-E47D-4C08-ABFF-0BFABDF05B60}.Debug|Any CPU.ActiveCfg = Debug|Any CPU
		{83A0B009-E47D-4C08-ABFF-0BFABDF05B60}.Debug|Any CPU.Build.0 = Debug|Any CPU
		{83A0B009-E47D-4C08-ABFF-0BFABDF05B60}.Release|Any CPU.ActiveCfg = Release|Any CPU
		{83A0B009-E47D-4C08-ABFF-0BFABDF05B60}.Release|Any CPU.Build.0 = Release|Any CPU
		{A3F0834C-626B-4847-B960-AA6807AB4CA9}.Debug|Any CPU.ActiveCfg = Debug|Any CPU
		{A3F0834C-626B-4847-B960-AA6807AB4CA9}.Debug|Any CPU.Build.0 = Debug|Any CPU
		{A3F0834C-626B-4847-B960-AA6807AB4CA9}.Release|Any CPU.ActiveCfg = Release|Any CPU
		{A3F0834C-626B-4847-B960-AA6807AB4CA9}.Release|Any CPU.Build.0 = Release|Any CPU
		{15933E7E-9EF2-46EC-8D76-C662C9E62F1D}.Debug|Any CPU.ActiveCfg = Debug|Any CPU
		{15933E7E-9EF2-46EC-8D76-C662C9E62F1D}.Debug|Any CPU.Build.0 = Debug|Any CPU
		{15933E7E-9EF2-46EC-8D76-C662C9E62F1D}.Release|Any CPU.ActiveCfg = Release|Any CPU
		{15933E7E-9EF2-46EC-8D76-C662C9E62F1D}.Release|Any CPU.Build.0 = Release|Any CPU
		{4233E3A6-DE98-4E75-B700-F5C24422C524}.Debug|Any CPU.ActiveCfg = Debug|Any CPU
		{4233E3A6-DE98-4E75-B700-F5C24422C524}.Debug|Any CPU.Build.0 = Debug|Any CPU
		{4233E3A6-DE98-4E75-B700-F5C24422C524}.Release|Any CPU.ActiveCfg = Release|Any CPU
		{4233E3A6-DE98-4E75-B700-F5C24422C524}.Release|Any CPU.Build.0 = Release|Any CPU
	EndGlobalSection
	GlobalSection(SolutionProperties) = preSolution
		HideSolutionNode = FALSE
	EndGlobalSection
	GlobalSection(ExtensibilityGlobals) = postSolution
		SolutionGuid = {254BF35E-06CC-467C-9CFF-4D5182F97B68}
	EndGlobalSection
EndGlobal
